
Microsoft Visual Studio Solution File, Format Version 12.00
# Visual Studio 15
Project("{FAE04EC0-301F-11D3-BF4B-00C04F79EFBC}") = "SalesReport", "SalesReport\SalesReport.csproj", "{A6C2DD3A-AE25-44C2-B939-7BA834BB5DE6}"
EndProject
Global
	GlobalSection(SolutionConfigurationPlatforms) = preSolution
		Debug|anycpu = Debug|anycpu
		Release|anycpu = Release|anycpu
	EndGlobalSection
	GlobalSection(ProjectConfigurationPlatforms) = postSolution
		{A6C2DD3A-AE25-44C2-B939-7BA834BB5DE6}.Debug|anycpu.ActiveCfg = Debug|anycpu
		{A6C2DD3A-AE25-44C2-B939-7BA834BB5DE6}.Debug|anycpu.Build.0 = Debug|anycpu
		{A6C2DD3A-AE25-44C2-B939-7BA834BB5DE6}.Release|anycpu.ActiveCfg = Release|anycpu
		{A6C2DD3A-AE25-44C2-B939-7BA834BB5DE6}.Release|anycpu.Build.0 = Release|anycpu
	EndGlobalSection
EndGlobal
